
Microsoft Visual Studio Solution File, Format Version 12.00
# Visual Studio Version 16
VisualStudioVersion = 16.0.28922.388
MinimumVisualStudioVersion = 10.0.40219.1
Project("{9A19103F-16F7-4668-BE54-9A1E7A4F7556}") = "Karvis", "Karvis\Karvis.csproj", "{520EF1C2-C63F-43FB-9977-5CE33199AED2}"
	ProjectSection(ProjectDependencies) = postProject
		{542F1E3C-6F8E-4BE9-B687-4279DADBE468} = {542F1E3C-6F8E-4BE9-B687-4279DADBE468}
	EndProjectSection
EndProject
Project("{9A19103F-16F7-4668-BE54-9A1E7A4F7556}") = "Karvis.GoogleAssistant", "Karvis.GoogleAssistant\Karvis.GoogleAssistant.csproj", "{542F1E3C-6F8E-4BE9-B687-4279DADBE468}"
EndProject
Project("{9A19103F-16F7-4668-BE54-9A1E7A4F7556}") = "Karvis.Business", "Karvis.Business\Karvis.Business.csproj", "{6C408D71-3E14-4485-8170-CCB7F427A5B2}"
EndProject
Project("{9A19103F-16F7-4668-BE54-9A1E7A4F7556}") = "Karvis.Web", "Karvis.Web\Karvis.Web.csproj", "{B12CEDBD-B7BE-4B89-A58A-BABD1C2A5A51}"
EndProject
Project("{FAE04EC0-301F-11D3-BF4B-00C04F79EFBC}") = "Karvis.SecretRabbitCore", "Karvis.SecretRabitCore\Karvis.SecretRabbitCore.csproj", "{A6BE4A50-D3F1-4ECB-B5ED-B4CAE44B6600}"
EndProject
Global
	GlobalSection(SolutionConfigurationPlatforms) = preSolution
		Debug|Any CPU = Debug|Any CPU
		Release|Any CPU = Release|Any CPU
	EndGlobalSection
	GlobalSection(ProjectConfigurationPlatforms) = postSolution
		{520EF1C2-C63F-43FB-9977-5CE33199AED2}.Debug|Any CPU.ActiveCfg = Debug|Any CPU
		{520EF1C2-C63F-43FB-9977-5CE33199AED2}.Debug|Any CPU.Build.0 = Debug|Any CPU
		{520EF1C2-C63F-43FB-9977-5CE33199AED2}.Release|Any CPU.ActiveCfg = Release|Any CPU
		{520EF1C2-C63F-43FB-9977-5CE33199AED2}.Release|Any CPU.Build.0 = Release|Any CPU
		{542F1E3C-6F8E-4BE9-B687-4279DADBE468}.Debug|Any CPU.ActiveCfg = Debug|Any CPU
		{542F1E3C-6F8E-4BE9-B687-4279DADBE468}.Debug|Any CPU.Build.0 = Debug|Any CPU
		{542F1E3C-6F8E-4BE9-B687-4279DADBE468}.Release|Any CPU.ActiveCfg = Release|Any CPU
		{542F1E3C-6F8E-4BE9-B687-4279DADBE468}.Release|Any CPU.Build.0 = Release|Any CPU
		{6C408D71-3E14-4485-8170-CCB7F427A5B2}.Debug|Any CPU.ActiveCfg = Debug|Any CPU
		{6C408D71-3E14-4485-8170-CCB7F427A5B2}.Debug|Any CPU.Build.0 = Debug|Any CPU
		{6C408D71-3E14-4485-8170-CCB7F427A5B2}.Release|Any CPU.ActiveCfg = Release|Any CPU
		{6C408D71-3E14-4485-8170-CCB7F427A5B2}.Release|Any CPU.Build.0 = Release|Any CPU
		{B12CEDBD-B7BE-4B89-A58A-BABD1C2A5A51}.Debug|Any CPU.ActiveCfg = Debug|Any CPU
		{B12CEDBD-B7BE-4B89-A58A-BABD1C2A5A51}.Debug|Any CPU.Build.0 = Debug|Any CPU
		{B12CEDBD-B7BE-4B89-A58A-BABD1C2A5A51}.Release|Any CPU.ActiveCfg = Release|Any CPU
		{B12CEDBD-B7BE-4B89-A58A-BABD1C2A5A51}.Release|Any CPU.Build.0 = Release|Any CPU
		{A6BE4A50-D3F1-4ECB-B5ED-B4CAE44B6600}.Debug|Any CPU.ActiveCfg = Debug|Any CPU
		{A6BE4A50-D3F1-4ECB-B5ED-B4CAE44B6600}.Debug|Any CPU.Build.0 = Debug|Any CPU
		{A6BE4A50-D3F1-4ECB-B5ED-B4CAE44B6600}.Release|Any CPU.ActiveCfg = Release|Any CPU
		{A6BE4A50-D3F1-4ECB-B5ED-B4CAE44B6600}.Release|Any CPU.Build.0 = Release|Any CPU
	EndGlobalSection
	GlobalSection(SolutionProperties) = preSolution
		HideSolutionNode = FALSE
	EndGlobalSection
	GlobalSection(ExtensibilityGlobals) = postSolution
		SolutionGuid = {1556C252-0C6E-48BB-A769-136443995235}
	EndGlobalSection
EndGlobal
